
Microsoft Visual Studio Solution File, Format Version 12.00
# Visual Studio Version 17
VisualStudioVersion = 17.6.33815.320
MinimumVisualStudioVersion = 10.0.40219.1
Project("{9A19103F-16F7-4668-BE54-9A1E7A4F7556}") = "NationalWeatherAlert", "NationalWeatherAlert.csproj", "{60876401-A2E2-4450-916E-7A318A91BBFB}"
EndProject
Global
	GlobalSection(SolutionConfigurationPlatforms) = preSolution
		Debug|Any CPU = Debug|Any CPU
		Release|Any CPU = Release|Any CPU
	EndGlobalSection
	GlobalSection(ProjectConfigurationPlatforms) = postSolution
		{60876401-A2E2-4450-916E-7A318A91BBFB}.Debug|Any CPU.ActiveCfg = Debug|Any CPU
		{60876401-A2E2-4450-916E-7A318A91BBFB}.Debug|Any CPU.Build.0 = Debug|Any CPU
		{60876401-A2E2-4450-916E-7A318A91BBFB}.Release|Any CPU.ActiveCfg = Release|Any CPU
		{60876401-A2E2-4450-916E-7A318A91BBFB}.Release|Any CPU.Build.0 = Release|Any CPU
	EndGlobalSection
	GlobalSection(SolutionProperties) = preSolution
		HideSolutionNode = FALSE
	EndGlobalSection
	GlobalSection(ExtensibilityGlobals) = postSolution
		SolutionGuid = {EE6A745D-8558-4831-8536-C87ACB74CB6D}
	EndGlobalSection
EndGlobal
